
Microsoft Visual Studio Solution File, Format Version 12.00
# Visual Studio Version 16
VisualStudioVersion = 16.0.29503.13
MinimumVisualStudioVersion = 10.0.40219.1
Project("{FAE04EC0-301F-11D3-BF4B-00C04F79EFBC}") = "Less3", "Less3\Less3.csproj", "{11DC73B8-8D6B-44D1-9494-6AB30790726F}"
EndProject
Global
	GlobalSection(SolutionConfigurationPlatforms) = preSolution
		Debug|Any CPU = Debug|Any CPU
		Release|Any CPU = Release|Any CPU
	EndGlobalSection
	GlobalSection(ProjectConfigurationPlatforms) = postSolution
		{11DC73B8-8D6B-44D1-9494-6AB30790726F}.Debug|Any CPU.ActiveCfg = Debug|Any CPU
		{11DC73B8-8D6B-44D1-9494-6AB30790726F}.Debug|Any CPU.Build.0 = Debug|Any CPU
		{11DC73B8-8D6B-44D1-9494-6AB30790726F}.Release|Any CPU.ActiveCfg = Release|Any CPU
		{11DC73B8-8D6B-44D1-9494-6AB30790726F}.Release|Any CPU.Build.0 = Release|Any CPU
	EndGlobalSection
	GlobalSection(SolutionProperties) = preSolution
		HideSolutionNode = FALSE
	EndGlobalSection
	GlobalSection(ExtensibilityGlobals) = postSolution
		SolutionGuid = {2520005B-4241-4F83-A92B-88639117C587}
	EndGlobalSection
EndGlobal
